
Microsoft Visual Studio Solution File, Format Version 12.00
# Visual Studio Version 17
VisualStudioVersion = 17.9.34728.123
MinimumVisualStudioVersion = 10.0.40219.1
Project("{9A19103F-16F7-4668-BE54-9A1E7A4F7556}") = "ProductAPI", "ProductAPI.csproj", "{4374D3F7-7958-4BC4-9215-C1CB83C174A1}"
EndProject
Project("{FAE04EC0-301F-11D3-BF4B-00C04F79EFBC}") = "ProductTests", "..\ProductTests\ProductTests.csproj", "{74E1D5DB-B7E2-47A0-A656-63E6668F1652}"
EndProject
Global
	GlobalSection(SolutionConfigurationPlatforms) = preSolution
		Debug|Any CPU = Debug|Any CPU
		Release|Any CPU = Release|Any CPU
	EndGlobalSection
	GlobalSection(ProjectConfigurationPlatforms) = postSolution
		{4374D3F7-7958-4BC4-9215-C1CB83C174A1}.Debug|Any CPU.ActiveCfg = Debug|Any CPU
		{4374D3F7-7958-4BC4-9215-C1CB83C174A1}.Debug|Any CPU.Build.0 = Debug|Any CPU
		{4374D3F7-7958-4BC4-9215-C1CB83C174A1}.Release|Any CPU.ActiveCfg = Release|Any CPU
		{4374D3F7-7958-4BC4-9215-C1CB83C174A1}.Release|Any CPU.Build.0 = Release|Any CPU
		{74E1D5DB-B7E2-47A0-A656-63E6668F1652}.Debug|Any CPU.ActiveCfg = Debug|Any CPU
		{74E1D5DB-B7E2-47A0-A656-63E6668F1652}.Debug|Any CPU.Build.0 = Debug|Any CPU
		{74E1D5DB-B7E2-47A0-A656-63E6668F1652}.Release|Any CPU.ActiveCfg = Release|Any CPU
		{74E1D5DB-B7E2-47A0-A656-63E6668F1652}.Release|Any CPU.Build.0 = Release|Any CPU
	EndGlobalSection
	GlobalSection(SolutionProperties) = preSolution
		HideSolutionNode = FALSE
	EndGlobalSection
	GlobalSection(ExtensibilityGlobals) = postSolution
		SolutionGuid = {26E52F8F-598E-45EC-B0E3-9AE2049650FD}
	EndGlobalSection
EndGlobal
